
Microsoft Visual Studio Solution File, Format Version 12.00
# Visual Studio Version 16
VisualStudioVersion = 16.0.29424.173
MinimumVisualStudioVersion = 10.0.40219.1
Project("{FAE04EC0-301F-11D3-BF4B-00C04F79EFBC}") = "WordAPP", "WordAPP.csproj", "{E781E235-A807-45F3-91F1-7F197847370A}"
EndProject
Global
	GlobalSection(SolutionConfigurationPlatforms) = preSolution
		Debug|Any CPU = Debug|Any CPU
		Release|Any CPU = Release|Any CPU
	EndGlobalSection
	GlobalSection(ProjectConfigurationPlatforms) = postSolution
		{E781E235-A807-45F3-91F1-7F197847370A}.Debug|Any CPU.ActiveCfg = Debug|Any CPU
		{E781E235-A807-45F3-91F1-7F197847370A}.Debug|Any CPU.Build.0 = Debug|Any CPU
		{E781E235-A807-45F3-91F1-7F197847370A}.Release|Any CPU.ActiveCfg = Release|Any CPU
		{E781E235-A807-45F3-91F1-7F197847370A}.Release|Any CPU.Build.0 = Release|Any CPU
	EndGlobalSection
	GlobalSection(SolutionProperties) = preSolution
		HideSolutionNode = FALSE
	EndGlobalSection
	GlobalSection(ExtensibilityGlobals) = postSolution
		SolutionGuid = {0A7C9EC4-1B18-4421-8252-30169EB6200A}
	EndGlobalSection
EndGlobal
